# THIS IS AN AUTOGENERATED FILE. DO NOT EDIT THIS FILE DIRECTLY.
# yarn lockfile v1


"@emoji-mart/data@^1.1.2":
  version "1.1.2"
  resolved "https://registry.yarnpkg.com/@emoji-mart/data/-/data-1.1.2.tgz#777c976f8f143df47cbb23a7077c9ca9fe5fc513"
  integrity sha512-1HP8BxD2azjqWJvxIaWAMyTySeZY0Osr83ukYjltPVkNXeJvTz7yDrPLBtnrD5uqJ3tg4CcLuuBW09wahqL/fg==

"@emoji-mart/react@^1.1.1":
  version "1.1.1"
  resolved "https://registry.yarnpkg.com/@emoji-mart/react/-/react-1.1.1.tgz#ddad52f93a25baf31c5383c3e7e4c6e05554312a"
  integrity sha512-NMlFNeWgv1//uPsvLxvGQoIerPuVdXwK/EUek8OOkJ6wVOWPUizRBJU0hDqWZCOROVpfBgCemaC3m6jDOXi03g==

emoji-mart@^5.5.2:
  version "5.5.2"
  resolved "https://registry.yarnpkg.com/emoji-mart/-/emoji-mart-5.5.2.tgz#3ddbaf053139cf4aa217650078bc1c50ca8381af"
  integrity sha512-Sqc/nso4cjxhOwWJsp9xkVm8OF5c+mJLZJFoFfzRuKO+yWiN7K8c96xmtughYb0d/fZ8UC6cLIQ/p4BR6Pv3/A==
